// !$*UTF8*$!
{
	archiveVersion = 1;
	classes = {
	};
	objectVersion = 51;
	objects = {

/* Begin PBXBuildFile section */
		8DFC74DCD54F8B6BBD1E5576 /* Pods_DemoCleanArchitecture.framework in Frameworks */ = {isa = PBXBuildFile; fileRef = DA723CC6CC3001247D01A199 /* Pods_DemoCleanArchitecture.framework */; };
		FE03AD0E25145F42001FF520 /* FlickrAPIType.swift in Sources */ = {isa = PBXBuildFile; fileRef = FE03AD0D25145F42001FF520 /* FlickrAPIType.swift */; };
		FE0E24A0252C5C8D00064230 /* PhotosStorage.swift in Sources */ = {isa = PBXBuildFile; fileRef = FE0E249F252C5C8D00064230 /* PhotosStorage.swift */; };
		FE0E24A2252C5CB600064230 /* CoreDataPhotosStorage.swift in Sources */ = {isa = PBXBuildFile; fileRef = FE0E24A1252C5CB600064230 /* CoreDataPhotosStorage.swift */; };
		FE0E24A5252C5D6700064230 /* PhotosResponseEntity+Mapping.swift in Sources */ = {isa = PBXBuildFile; fileRef = FE0E24A4252C5D6700064230 /* PhotosResponseEntity+Mapping.swift */; };
		FE19371E252C452F003A6B04 /* CoreDataStorage.swift in Sources */ = {isa = PBXBuildFile; fileRef = FE19371D252C452F003A6B04 /* CoreDataStorage.swift */; };
		FE311F3D2511BE4200EE8400 /* AppDelegate.swift in Sources */ = {isa = PBXBuildFile; fileRef = FE311F3C2511BE4200EE8400 /* AppDelegate.swift */; };
		FE311F462511BE4B00EE8400 /* Assets.xcassets in Resources */ = {isa = PBXBuildFile; fileRef = FE311F452511BE4B00EE8400 /* Assets.xcassets */; };
		FE311F492511BE4B00EE8400 /* LaunchScreen.storyboard in Resources */ = {isa = PBXBuildFile; fileRef = FE311F472511BE4B00EE8400 /* LaunchScreen.storyboard */; };
		FE311F522511BFE600EE8400 /* AppFlowCoordinator.swift in Sources */ = {isa = PBXBuildFile; fileRef = FE311F512511BFE600EE8400 /* AppFlowCoordinator.swift */; };
		FE311F542511C01A00EE8400 /* AppDIContainer.swift in Sources */ = {isa = PBXBuildFile; fileRef = FE311F532511C01A00EE8400 /* AppDIContainer.swift */; };
		FE311F5C2511DF9700EE8400 /* SearchViewController.swift in Sources */ = {isa = PBXBuildFile; fileRef = FE311F592511DF9700EE8400 /* SearchViewController.swift */; };
		FE311F5D2511DF9700EE8400 /* SearchViewModel.swift in Sources */ = {isa = PBXBuildFile; fileRef = FE311F5A2511DF9700EE8400 /* SearchViewModel.swift */; };
		FE311F5E2511DF9700EE8400 /* SearchViewController.storyboard in Resources */ = {isa = PBXBuildFile; fileRef = FE311F5B2511DF9700EE8400 /* SearchViewController.storyboard */; };
		FE311F622511E02E00EE8400 /* StoryboardInstantiable.swift in Sources */ = {isa = PBXBuildFile; fileRef = FE311F612511E02E00EE8400 /* StoryboardInstantiable.swift */; };
		FE311F6A2511E11300EE8400 /* FavoriteViewController.swift in Sources */ = {isa = PBXBuildFile; fileRef = FE311F672511E11300EE8400 /* FavoriteViewController.swift */; };
		FE311F6B2511E11300EE8400 /* FavoriteViewModel.swift in Sources */ = {isa = PBXBuildFile; fileRef = FE311F682511E11300EE8400 /* FavoriteViewModel.swift */; };
		FE311F6C2511E11300EE8400 /* FavoriteViewController.storyboard in Resources */ = {isa = PBXBuildFile; fileRef = FE311F692511E11300EE8400 /* FavoriteViewController.storyboard */; };
		FE311F742511E18F00EE8400 /* ResultViewController.swift in Sources */ = {isa = PBXBuildFile; fileRef = FE311F712511E18F00EE8400 /* ResultViewController.swift */; };
		FE311F752511E18F00EE8400 /* ResultViewModel.swift in Sources */ = {isa = PBXBuildFile; fileRef = FE311F722511E18F00EE8400 /* ResultViewModel.swift */; };
		FE311F762511E18F00EE8400 /* ResultViewController.storyboard in Resources */ = {isa = PBXBuildFile; fileRef = FE311F732511E18F00EE8400 /* ResultViewController.storyboard */; };
		FE311F7C2511E62700EE8400 /* BaseCoordinator.swift in Sources */ = {isa = PBXBuildFile; fileRef = FE311F7B2511E62700EE8400 /* BaseCoordinator.swift */; };
		FE4038A625183E850008B297 /* DefaultService.swift in Sources */ = {isa = PBXBuildFile; fileRef = FE4038A525183E850008B297 /* DefaultService.swift */; };
		FE4D251A252D5353007E4265 /* CoreDataStorage.xcdatamodeld in Sources */ = {isa = PBXBuildFile; fileRef = FE4D2518252D5353007E4265 /* CoreDataStorage.xcdatamodeld */; };
		FE4D251D252D5F02007E4265 /* SearchLocalUseCase.swift in Sources */ = {isa = PBXBuildFile; fileRef = FE4D251C252D5F02007E4265 /* SearchLocalUseCase.swift */; };
		FE7CE0B025184113005D3338 /* BaseService.swift in Sources */ = {isa = PBXBuildFile; fileRef = FE7CE0AF25184113005D3338 /* BaseService.swift */; };
		FE7CE0B225184C6E005D3338 /* EncodableExtension.swift in Sources */ = {isa = PBXBuildFile; fileRef = FE7CE0B125184C6E005D3338 /* EncodableExtension.swift */; };
		FE7D58D52514541600B09B58 /* SearchService.swift in Sources */ = {isa = PBXBuildFile; fileRef = FE7D58D42514541600B09B58 /* SearchService.swift */; };
		FE7E827D2511F3FB00983B54 /* SearchDIContainer.swift in Sources */ = {isa = PBXBuildFile; fileRef = FE7E827C2511F3FB00983B54 /* SearchDIContainer.swift */; };
		FE7E82802511F43200983B54 /* SearchCoordinator.swift in Sources */ = {isa = PBXBuildFile; fileRef = FE7E827F2511F43200983B54 /* SearchCoordinator.swift */; };
		FE86BD822512F28A00234949 /* FavoriteDIContainer.swift in Sources */ = {isa = PBXBuildFile; fileRef = FE86BD812512F28A00234949 /* FavoriteDIContainer.swift */; };
		FE86BD842512F2A100234949 /* FavoriteCoordinator.swift in Sources */ = {isa = PBXBuildFile; fileRef = FE86BD832512F2A100234949 /* FavoriteCoordinator.swift */; };
		FE86BD872512F84200234949 /* TabBarCoordinator.swift in Sources */ = {isa = PBXBuildFile; fileRef = FE86BD862512F84200234949 /* TabBarCoordinator.swift */; };
		FE86BD8B2512F8C100234949 /* TabBarDIContainer.swift in Sources */ = {isa = PBXBuildFile; fileRef = FE86BD8A2512F8C100234949 /* TabBarDIContainer.swift */; };
		FE897F4C251347B2008DC307 /* SearchResponseDTO+Mapping.swift in Sources */ = {isa = PBXBuildFile; fileRef = FE897F4B251347B2008DC307 /* SearchResponseDTO+Mapping.swift */; };
		FE897F4E251349F2008DC307 /* Photos.swift in Sources */ = {isa = PBXBuildFile; fileRef = FE897F4D251349F2008DC307 /* Photos.swift */; };
		FE897F5025134B6F008DC307 /* SearchRequestDTO+Mapping.swift in Sources */ = {isa = PBXBuildFile; fileRef = FE897F4F25134B6F008DC307 /* SearchRequestDTO+Mapping.swift */; };
		FE897F5225134CD9008DC307 /* PhotosQuery.swift in Sources */ = {isa = PBXBuildFile; fileRef = FE897F5125134CD9008DC307 /* PhotosQuery.swift */; };
		FE897F5525134E43008DC307 /* BaseEntities.swift in Sources */ = {isa = PBXBuildFile; fileRef = FE897F5425134E43008DC307 /* BaseEntities.swift */; };
		FE897F5825134E7B008DC307 /* BaseDataTransferObject.swift in Sources */ = {isa = PBXBuildFile; fileRef = FE897F5725134E7B008DC307 /* BaseDataTransferObject.swift */; };
		FE897F5A251356E0008DC307 /* SearchRemoteUseCase.swift in Sources */ = {isa = PBXBuildFile; fileRef = FE897F59251356E0008DC307 /* SearchRemoteUseCase.swift */; };
		FE897F5E251441B2008DC307 /* Repository.swift in Sources */ = {isa = PBXBuildFile; fileRef = FE897F5D251441B2008DC307 /* Repository.swift */; };
		FE897F6125144639008DC307 /* UseCases.swift in Sources */ = {isa = PBXBuildFile; fileRef = FE897F6025144639008DC307 /* UseCases.swift */; };
		FE897F64251447A9008DC307 /* SearchRepository.swift in Sources */ = {isa = PBXBuildFile; fileRef = FE897F63251447A9008DC307 /* SearchRepository.swift */; };
		FE9BCB432519CAA500754DF6 /* AppDependency.swift in Sources */ = {isa = PBXBuildFile; fileRef = FE9BCB422519CAA500754DF6 /* AppDependency.swift */; };
		FEAB26452537F10000779B59 /* CacheManager.swift in Sources */ = {isa = PBXBuildFile; fileRef = FEAB26432537F10000779B59 /* CacheManager.swift */; };
		FEAB26462537F10100779B59 /* AnyCache.swift in Sources */ = {isa = PBXBuildFile; fileRef = FEAB26442537F10000779B59 /* AnyCache.swift */; };
		FEAB26492537FBC600779B59 /* UIImageView+Download.swift in Sources */ = {isa = PBXBuildFile; fileRef = FEAB26482537FBC600779B59 /* UIImageView+Download.swift */; };
		FEAB264D25381DCA00779B59 /* FavoritesPhotosStorage.swift in Sources */ = {isa = PBXBuildFile; fileRef = FEAB264C25381DCA00779B59 /* FavoritesPhotosStorage.swift */; };
		FEAB264F25381E6A00779B59 /* CoreDataFavoritesPhotosStorage.swift in Sources */ = {isa = PBXBuildFile; fileRef = FEAB264E25381E6A00779B59 /* CoreDataFavoritesPhotosStorage.swift */; };
		FEDDF6C42538469300AC2294 /* PhotoResponseEntity+Mapping.swift in Sources */ = {isa = PBXBuildFile; fileRef = FEDDF6C32538469300AC2294 /* PhotoResponseEntity+Mapping.swift */; };
		FEDDF6C62538480300AC2294 /* FavoriteRepository.swift in Sources */ = {isa = PBXBuildFile; fileRef = FEDDF6C52538480300AC2294 /* FavoriteRepository.swift */; };
		FEDDF6C925384D2300AC2294 /* SaveFavoriteUseCase.swift in Sources */ = {isa = PBXBuildFile; fileRef = FEDDF6C825384D2300AC2294 /* SaveFavoriteUseCase.swift */; };
		FEDDF6CB25384D3200AC2294 /* FetchFavoriteUseCase.swift in Sources */ = {isa = PBXBuildFile; fileRef = FEDDF6CA25384D3200AC2294 /* FetchFavoriteUseCase.swift */; };
		FEDDF6CF25384FF300AC2294 /* ResultCoordinator.swift in Sources */ = {isa = PBXBuildFile; fileRef = FEDDF6CE25384FF300AC2294 /* ResultCoordinator.swift */; };
		FEDDF6D12538500000AC2294 /* ResultDIContainer.swift in Sources */ = {isa = PBXBuildFile; fileRef = FEDDF6D02538500000AC2294 /* ResultDIContainer.swift */; };
		FEDDF6D3253947E000AC2294 /* AppPassValues.swift in Sources */ = {isa = PBXBuildFile; fileRef = FEDDF6D2253947E000AC2294 /* AppPassValues.swift */; };
		FEDDF6D625396C8000AC2294 /* ShowResultUseCase.swift in Sources */ = {isa = PBXBuildFile; fileRef = FEDDF6D525396C8000AC2294 /* ShowResultUseCase.swift */; };
		FEDDF6D925398C3600AC2294 /* NSConstraintLayoutSet.swift in Sources */ = {isa = PBXBuildFile; fileRef = FEDDF6D825398C3600AC2294 /* NSConstraintLayoutSet.swift */; };
		FEDDF6E725399D6D00AC2294 /* BaseAccessoryView.swift in Sources */ = {isa = PBXBuildFile; fileRef = FEDDF6DF25399D6D00AC2294 /* BaseAccessoryView.swift */; };
/* End PBXBuildFile section */

/* Begin PBXFileReference section */
		6B7342391DDC2480607DBEAC /* Pods-DemoCleanArchitecture.release.xcconfig */ = {isa = PBXFileReference; includeInIndex = 1; lastKnownFileType = text.xcconfig; name = "Pods-DemoCleanArchitecture.release.xcconfig"; path = "Target Support Files/Pods-DemoCleanArchitecture/Pods-DemoCleanArchitecture.release.xcconfig"; sourceTree = "<group>"; };
		C69D1DD54B136976DE37BD79 /* Pods-DemoCleanArchitecture.debug.xcconfig */ = {isa = PBXFileReference; includeInIndex = 1; lastKnownFileType = text.xcconfig; name = "Pods-DemoCleanArchitecture.debug.xcconfig"; path = "Target Support Files/Pods-DemoCleanArchitecture/Pods-DemoCleanArchitecture.debug.xcconfig"; sourceTree = "<group>"; };
		DA723CC6CC3001247D01A199 /* Pods_DemoCleanArchitecture.framework */ = {isa = PBXFileReference; explicitFileType = wrapper.framework; includeInIndex = 0; path = Pods_DemoCleanArchitecture.framework; sourceTree = BUILT_PRODUCTS_DIR; };
		FE03AD0D25145F42001FF520 /* FlickrAPIType.swift */ = {isa = PBXFileReference; lastKnownFileType = sourcecode.swift; path = FlickrAPIType.swift; sourceTree = "<group>"; };
		FE0E249F252C5C8D00064230 /* PhotosStorage.swift */ = {isa = PBXFileReference; lastKnownFileType = sourcecode.swift; path = PhotosStorage.swift; sourceTree = "<group>"; };
		FE0E24A1252C5CB600064230 /* CoreDataPhotosStorage.swift */ = {isa = PBXFileReference; lastKnownFileType = sourcecode.swift; path = CoreDataPhotosStorage.swift; sourceTree = "<group>"; };
		FE0E24A4252C5D6700064230 /* PhotosResponseEntity+Mapping.swift */ = {isa = PBXFileReference; lastKnownFileType = sourcecode.swift; path = "PhotosResponseEntity+Mapping.swift"; sourceTree = "<group>"; };
		FE19371D252C452F003A6B04 /* CoreDataStorage.swift */ = {isa = PBXFileReference; lastKnownFileType = sourcecode.swift; path = CoreDataStorage.swift; sourceTree = "<group>"; };
		FE311F392511BE4200EE8400 /* DemoCleanArchitecture.app */ = {isa = PBXFileReference; explicitFileType = wrapper.application; includeInIndex = 0; path = DemoCleanArchitecture.app; sourceTree = BUILT_PRODUCTS_DIR; };
		FE311F3C2511BE4200EE8400 /* AppDelegate.swift */ = {isa = PBXFileReference; lastKnownFileType = sourcecode.swift; path = AppDelegate.swift; sourceTree = "<group>"; };
		FE311F452511BE4B00EE8400 /* Assets.xcassets */ = {isa = PBXFileReference; lastKnownFileType = folder.assetcatalog; path = Assets.xcassets; sourceTree = "<group>"; };
		FE311F482511BE4B00EE8400 /* Base */ = {isa = PBXFileReference; lastKnownFileType = file.storyboard; name = Base; path = Base.lproj/LaunchScreen.storyboard; sourceTree = "<group>"; };
		FE311F4A2511BE4B00EE8400 /* Info.plist */ = {isa = PBXFileReference; lastKnownFileType = text.plist.xml; path = Info.plist; sourceTree = "<group>"; };
		FE311F512511BFE600EE8400 /* AppFlowCoordinator.swift */ = {isa = PBXFileReference; lastKnownFileType = sourcecode.swift; path = AppFlowCoordinator.swift; sourceTree = "<group>"; };
		FE311F532511C01A00EE8400 /* AppDIContainer.swift */ = {isa = PBXFileReference; lastKnownFileType = sourcecode.swift; path = AppDIContainer.swift; sourceTree = "<group>"; };
		FE311F592511DF9700EE8400 /* SearchViewController.swift */ = {isa = PBXFileReference; lastKnownFileType = sourcecode.swift; path = SearchViewController.swift; sourceTree = "<group>"; };
		FE311F5A2511DF9700EE8400 /* SearchViewModel.swift */ = {isa = PBXFileReference; lastKnownFileType = sourcecode.swift; path = SearchViewModel.swift; sourceTree = "<group>"; };
		FE311F5B2511DF9700EE8400 /* SearchViewController.storyboard */ = {isa = PBXFileReference; lastKnownFileType = file.storyboard; path = SearchViewController.storyboard; sourceTree = "<group>"; };
		FE311F612511E02E00EE8400 /* StoryboardInstantiable.swift */ = {isa = PBXFileReference; lastKnownFileType = sourcecode.swift; path = StoryboardInstantiable.swift; sourceTree = "<group>"; };
		FE311F672511E11300EE8400 /* FavoriteViewController.swift */ = {isa = PBXFileReference; lastKnownFileType = sourcecode.swift; path = FavoriteViewController.swift; sourceTree = "<group>"; };
		FE311F682511E11300EE8400 /* FavoriteViewModel.swift */ = {isa = PBXFileReference; lastKnownFileType = sourcecode.swift; path = FavoriteViewModel.swift; sourceTree = "<group>"; };
		FE311F692511E11300EE8400 /* FavoriteViewController.storyboard */ = {isa = PBXFileReference; lastKnownFileType = file.storyboard; path = FavoriteViewController.storyboard; sourceTree = "<group>"; };
		FE311F712511E18F00EE8400 /* ResultViewController.swift */ = {isa = PBXFileReference; lastKnownFileType = sourcecode.swift; path = ResultViewController.swift; sourceTree = "<group>"; };
		FE311F722511E18F00EE8400 /* ResultViewModel.swift */ = {isa = PBXFileReference; lastKnownFileType = sourcecode.swift; path = ResultViewModel.swift; sourceTree = "<group>"; };
		FE311F732511E18F00EE8400 /* ResultViewController.storyboard */ = {isa = PBXFileReference; lastKnownFileType = file.storyboard; path = ResultViewController.storyboard; sourceTree = "<group>"; };
		FE311F7B2511E62700EE8400 /* BaseCoordinator.swift */ = {isa = PBXFileReference; lastKnownFileType = sourcecode.swift; path = BaseCoordinator.swift; sourceTree = "<group>"; };
		FE4038A525183E850008B297 /* DefaultService.swift */ = {isa = PBXFileReference; lastKnownFileType = sourcecode.swift; path = DefaultService.swift; sourceTree = "<group>"; };
		FE4D2519252D5353007E4265 /* CoreDataStorage.xcdatamodel */ = {isa = PBXFileReference; lastKnownFileType = wrapper.xcdatamodel; path = CoreDataStorage.xcdatamodel; sourceTree = "<group>"; };
		FE4D251C252D5F02007E4265 /* SearchLocalUseCase.swift */ = {isa = PBXFileReference; lastKnownFileType = sourcecode.swift; path = SearchLocalUseCase.swift; sourceTree = "<group>"; };
		FE7CE0AF25184113005D3338 /* BaseService.swift */ = {isa = PBXFileReference; lastKnownFileType = sourcecode.swift; path = BaseService.swift; sourceTree = "<group>"; };
		FE7CE0B125184C6E005D3338 /* EncodableExtension.swift */ = {isa = PBXFileReference; lastKnownFileType = sourcecode.swift; path = EncodableExtension.swift; sourceTree = "<group>"; };
		FE7D58D42514541600B09B58 /* SearchService.swift */ = {isa = PBXFileReference; lastKnownFileType = sourcecode.swift; path = SearchService.swift; sourceTree = "<group>"; };
		FE7E827C2511F3FB00983B54 /* SearchDIContainer.swift */ = {isa = PBXFileReference; lastKnownFileType = sourcecode.swift; path = SearchDIContainer.swift; sourceTree = "<group>"; };
		FE7E827F2511F43200983B54 /* SearchCoordinator.swift */ = {isa = PBXFileReference; lastKnownFileType = sourcecode.swift; path = SearchCoordinator.swift; sourceTree = "<group>"; };
		FE86BD812512F28A00234949 /* FavoriteDIContainer.swift */ = {isa = PBXFileReference; lastKnownFileType = sourcecode.swift; path = FavoriteDIContainer.swift; sourceTree = "<group>"; };
		FE86BD832512F2A100234949 /* FavoriteCoordinator.swift */ = {isa = PBXFileReference; lastKnownFileType = sourcecode.swift; path = FavoriteCoordinator.swift; sourceTree = "<group>"; };
		FE86BD862512F84200234949 /* TabBarCoordinator.swift */ = {isa = PBXFileReference; lastKnownFileType = sourcecode.swift; path = TabBarCoordinator.swift; sourceTree = "<group>"; };
		FE86BD8A2512F8C100234949 /* TabBarDIContainer.swift */ = {isa = PBXFileReference; lastKnownFileType = sourcecode.swift; path = TabBarDIContainer.swift; sourceTree = "<group>"; };
		FE897F4B251347B2008DC307 /* SearchResponseDTO+Mapping.swift */ = {isa = PBXFileReference; lastKnownFileType = sourcecode.swift; path = "SearchResponseDTO+Mapping.swift"; sourceTree = "<group>"; };
		FE897F4D251349F2008DC307 /* Photos.swift */ = {isa = PBXFileReference; lastKnownFileType = sourcecode.swift; path = Photos.swift; sourceTree = "<group>"; };
		FE897F4F25134B6F008DC307 /* SearchRequestDTO+Mapping.swift */ = {isa = PBXFileReference; lastKnownFileType = sourcecode.swift; path = "SearchRequestDTO+Mapping.swift"; sourceTree = "<group>"; };
		FE897F5125134CD9008DC307 /* PhotosQuery.swift */ = {isa = PBXFileReference; lastKnownFileType = sourcecode.swift; path = PhotosQuery.swift; sourceTree = "<group>"; };
		FE897F5425134E43008DC307 /* BaseEntities.swift */ = {isa = PBXFileReference; lastKnownFileType = sourcecode.swift; path = BaseEntities.swift; sourceTree = "<group>"; };
		FE897F5725134E7B008DC307 /* BaseDataTransferObject.swift */ = {isa = PBXFileReference; lastKnownFileType = sourcecode.swift; path = BaseDataTransferObject.swift; sourceTree = "<group>"; };
		FE897F59251356E0008DC307 /* SearchRemoteUseCase.swift */ = {isa = PBXFileReference; lastKnownFileType = sourcecode.swift; path = SearchRemoteUseCase.swift; sourceTree = "<group>"; };
		FE897F5D251441B2008DC307 /* Repository.swift */ = {isa = PBXFileReference; lastKnownFileType = sourcecode.swift; path = Repository.swift; sourceTree = "<group>"; };
		FE897F6025144639008DC307 /* UseCases.swift */ = {isa = PBXFileReference; lastKnownFileType = sourcecode.swift; path = UseCases.swift; sourceTree = "<group>"; };
		FE897F63251447A9008DC307 /* SearchRepository.swift */ = {isa = PBXFileReference; lastKnownFileType = sourcecode.swift; path = SearchRepository.swift; sourceTree = "<group>"; };
		FE9BCB422519CAA500754DF6 /* AppDependency.swift */ = {isa = PBXFileReference; lastKnownFileType = sourcecode.swift; path = AppDependency.swift; sourceTree = "<group>"; };
		FEAB26432537F10000779B59 /* CacheManager.swift */ = {isa = PBXFileReference; fileEncoding = 4; lastKnownFileType = sourcecode.swift; path = CacheManager.swift; sourceTree = "<group>"; };
		FEAB26442537F10000779B59 /* AnyCache.swift */ = {isa = PBXFileReference; fileEncoding = 4; lastKnownFileType = sourcecode.swift; path = AnyCache.swift; sourceTree = "<group>"; };
		FEAB26482537FBC600779B59 /* UIImageView+Download.swift */ = {isa = PBXFileReference; fileEncoding = 4; lastKnownFileType = sourcecode.swift; path = "UIImageView+Download.swift"; sourceTree = "<group>"; };
		FEAB264C25381DCA00779B59 /* FavoritesPhotosStorage.swift */ = {isa = PBXFileReference; lastKnownFileType = sourcecode.swift; path = FavoritesPhotosStorage.swift; sourceTree = "<group>"; };
		FEAB264E25381E6A00779B59 /* CoreDataFavoritesPhotosStorage.swift */ = {isa = PBXFileReference; lastKnownFileType = sourcecode.swift; path = CoreDataFavoritesPhotosStorage.swift; sourceTree = "<group>"; };
		FEDDF6C32538469300AC2294 /* PhotoResponseEntity+Mapping.swift */ = {isa = PBXFileReference; lastKnownFileType = sourcecode.swift; path = "PhotoResponseEntity+Mapping.swift"; sourceTree = "<group>"; };
		FEDDF6C52538480300AC2294 /* FavoriteRepository.swift */ = {isa = PBXFileReference; lastKnownFileType = sourcecode.swift; path = FavoriteRepository.swift; sourceTree = "<group>"; };
		FEDDF6C825384D2300AC2294 /* SaveFavoriteUseCase.swift */ = {isa = PBXFileReference; lastKnownFileType = sourcecode.swift; path = SaveFavoriteUseCase.swift; sourceTree = "<group>"; };
		FEDDF6CA25384D3200AC2294 /* FetchFavoriteUseCase.swift */ = {isa = PBXFileReference; lastKnownFileType = sourcecode.swift; path = FetchFavoriteUseCase.swift; sourceTree = "<group>"; };
		FEDDF6CE25384FF300AC2294 /* ResultCoordinator.swift */ = {isa = PBXFileReference; lastKnownFileType = sourcecode.swift; path = ResultCoordinator.swift; sourceTree = "<group>"; };
		FEDDF6D02538500000AC2294 /* ResultDIContainer.swift */ = {isa = PBXFileReference; lastKnownFileType = sourcecode.swift; path = ResultDIContainer.swift; sourceTree = "<group>"; };
		FEDDF6D2253947E000AC2294 /* AppPassValues.swift */ = {isa = PBXFileReference; lastKnownFileType = sourcecode.swift; path = AppPassValues.swift; sourceTree = "<group>"; };
		FEDDF6D525396C8000AC2294 /* ShowResultUseCase.swift */ = {isa = PBXFileReference; lastKnownFileType = sourcecode.swift; path = ShowResultUseCase.swift; sourceTree = "<group>"; };
		FEDDF6D825398C3600AC2294 /* NSConstraintLayoutSet.swift */ = {isa = PBXFileReference; fileEncoding = 4; lastKnownFileType = sourcecode.swift; path = NSConstraintLayoutSet.swift; sourceTree = "<group>"; };
		FEDDF6DF25399D6D00AC2294 /* BaseAccessoryView.swift */ = {isa = PBXFileReference; fileEncoding = 4; lastKnownFileType = sourcecode.swift; path = BaseAccessoryView.swift; sourceTree = "<group>"; };
/* End PBXFileReference section */

/* Begin PBXFrameworksBuildPhase section */
		FE311F362511BE4200EE8400 /* Frameworks */ = {
			isa = PBXFrameworksBuildPhase;
			buildActionMask = 2147483647;
			files = (
				8DFC74DCD54F8B6BBD1E5576 /* Pods_DemoCleanArchitecture.framework in Frameworks */,
			);
			runOnlyForDeploymentPostprocessing = 0;
		};
/* End PBXFrameworksBuildPhase section */

/* Begin PBXGroup section */
		23F423C523523B363E21A19F /* Frameworks */ = {
			isa = PBXGroup;
			children = (
				DA723CC6CC3001247D01A199 /* Pods_DemoCleanArchitecture.framework */,
			);
			name = Frameworks;
			sourceTree = "<group>";
		};
		9AF3578BA16B63398494FCD2 /* Pods */ = {
			isa = PBXGroup;
			children = (
				C69D1DD54B136976DE37BD79 /* Pods-DemoCleanArchitecture.debug.xcconfig */,
				6B7342391DDC2480607DBEAC /* Pods-DemoCleanArchitecture.release.xcconfig */,
			);
			path = Pods;
			sourceTree = "<group>";
		};
		FE03AD0F25145FDA001FF520 /* APIs */ = {
			isa = PBXGroup;
			children = (
				FE03AD0D25145F42001FF520 /* FlickrAPIType.swift */,
			);
			path = APIs;
			sourceTree = "<group>";
		};
		FE0E24A3252C5D4C00064230 /* EntityMapping */ = {
			isa = PBXGroup;
			children = (
				FE0E24A4252C5D6700064230 /* PhotosResponseEntity+Mapping.swift */,
			);
			path = EntityMapping;
			sourceTree = "<group>";
		};
		FE193719252C1594003A6B04 /* PersistentStorages */ = {
			isa = PBXGroup;
			children = (
				FEAB264B25381DAB00779B59 /* FavoriteStorage */,
				FE9D3669252C512D00059495 /* PhotosStorage */,
				FE19371F252C499C003A6B04 /* CoreDataStorage */,
			);
			path = PersistentStorages;
			sourceTree = "<group>";
		};
		FE19371F252C499C003A6B04 /* CoreDataStorage */ = {
			isa = PBXGroup;
			children = (
				FE4D2518252D5353007E4265 /* CoreDataStorage.xcdatamodeld */,
				FE19371D252C452F003A6B04 /* CoreDataStorage.swift */,
			);
			path = CoreDataStorage;
			sourceTree = "<group>";
		};
		FE311F302511BE4200EE8400 = {
			isa = PBXGroup;
			children = (
				FE311F3B2511BE4200EE8400 /* DemoCleanArchitecture */,
				FE311F3A2511BE4200EE8400 /* Products */,
				9AF3578BA16B63398494FCD2 /* Pods */,
				23F423C523523B363E21A19F /* Frameworks */,
			);
			sourceTree = "<group>";
		};
		FE311F3A2511BE4200EE8400 /* Products */ = {
			isa = PBXGroup;
			children = (
				FE311F392511BE4200EE8400 /* DemoCleanArchitecture.app */,
			);
			name = Products;
			sourceTree = "<group>";
		};
		FE311F3B2511BE4200EE8400 /* DemoCleanArchitecture */ = {
			isa = PBXGroup;
			children = (
				FE311F502511BFD600EE8400 /* Application */,
				FE311F632511E0B700EE8400 /* Presentation */,
				FE311F792511E1E200EE8400 /* Domain */,
				FE897F4725133EFC008DC307 /* Data */,
				FE7D58D32514538200B09B58 /* Infrastructure */,
				FE897F462512FB0F008DC307 /* Resource */,
			);
			path = DemoCleanArchitecture;
			sourceTree = "<group>";
		};
		FE311F502511BFD600EE8400 /* Application */ = {
			isa = PBXGroup;
			children = (
				FE311F3C2511BE4200EE8400 /* AppDelegate.swift */,
				FE311F512511BFE600EE8400 /* AppFlowCoordinator.swift */,
				FE311F532511C01A00EE8400 /* AppDIContainer.swift */,
				FE9BCB422519CAA500754DF6 /* AppDependency.swift */,
				FEDDF6D2253947E000AC2294 /* AppPassValues.swift */,
			);
			path = Application;
			sourceTree = "<group>";
		};
		FE311F552511C06000EE8400 /* Scenes */ = {
			isa = PBXGroup;
			children = (
				FE86BD852512F82900234949 /* TabBar */,
				FE311F5F2511DFB600EE8400 /* Search */,
				FE311F662511E0F900EE8400 /* Favorite */,
				FE311F652511E0F200EE8400 /* Result */,
			);
			path = Scenes;
			sourceTree = "<group>";
		};
		FE311F5F2511DFB600EE8400 /* Search */ = {
			isa = PBXGroup;
			children = (
				FE7E827B2511F3E400983B54 /* DIContainer */,
				FE7E827E2511F42500983B54 /* Coordinator */,
				FE311F702511E13600EE8400 /* View */,
				FE311F6F2511E12E00EE8400 /* ViewModel */,
			);
			path = Search;
			sourceTree = "<group>";
		};
		FE311F602511E00200EE8400 /* Utils */ = {
			isa = PBXGroup;
			children = (
				FE311F7B2511E62700EE8400 /* BaseCoordinator.swift */,
				FEDDF6DA25399D6D00AC2294 /* InputAccessoryView */,
				FEDDF6D725398C3600AC2294 /* NSConstraintLayoutSet */,
				FEAB26472537FBC600779B59 /* UIKitExtension */,
				FE311F642511E0DF00EE8400 /* Protocol */,
			);
			path = Utils;
			sourceTree = "<group>";
		};
		FE311F632511E0B700EE8400 /* Presentation */ = {
			isa = PBXGroup;
			children = (
				FE311F602511E00200EE8400 /* Utils */,
				FE311F552511C06000EE8400 /* Scenes */,
			);
			path = Presentation;
			sourceTree = "<group>";
		};
		FE311F642511E0DF00EE8400 /* Protocol */ = {
			isa = PBXGroup;
			children = (
				FE311F612511E02E00EE8400 /* StoryboardInstantiable.swift */,
			);
			path = Protocol;
			sourceTree = "<group>";
		};
		FE311F652511E0F200EE8400 /* Result */ = {
			isa = PBXGroup;
			children = (
				FEDDF6CD25384FE100AC2294 /* DIContainer */,
				FEDDF6CC25384FD700AC2294 /* Coordinator */,
				FE311F782511E19900EE8400 /* View */,
				FE311F772511E19400EE8400 /* ViewModel */,
			);
			path = Result;
			sourceTree = "<group>";
		};
		FE311F662511E0F900EE8400 /* Favorite */ = {
			isa = PBXGroup;
			children = (
				FE86BD802512F26E00234949 /* DIContainer */,
				FE86BD7F2512F26700234949 /* Coordinator */,
				FE311F6E2511E12000EE8400 /* View */,
				FE311F6D2511E11B00EE8400 /* ViewModel */,
			);
			path = Favorite;
			sourceTree = "<group>";
		};
		FE311F6D2511E11B00EE8400 /* ViewModel */ = {
			isa = PBXGroup;
			children = (
				FE311F682511E11300EE8400 /* FavoriteViewModel.swift */,
			);
			path = ViewModel;
			sourceTree = "<group>";
		};
		FE311F6E2511E12000EE8400 /* View */ = {
			isa = PBXGroup;
			children = (
				FE311F672511E11300EE8400 /* FavoriteViewController.swift */,
				FE311F692511E11300EE8400 /* FavoriteViewController.storyboard */,
			);
			path = View;
			sourceTree = "<group>";
		};
		FE311F6F2511E12E00EE8400 /* ViewModel */ = {
			isa = PBXGroup;
			children = (
				FE311F5A2511DF9700EE8400 /* SearchViewModel.swift */,
			);
			path = ViewModel;
			sourceTree = "<group>";
		};
		FE311F702511E13600EE8400 /* View */ = {
			isa = PBXGroup;
			children = (
				FE311F592511DF9700EE8400 /* SearchViewController.swift */,
				FE311F5B2511DF9700EE8400 /* SearchViewController.storyboard */,
			);
			path = View;
			sourceTree = "<group>";
		};
		FE311F772511E19400EE8400 /* ViewModel */ = {
			isa = PBXGroup;
			children = (
				FE311F722511E18F00EE8400 /* ResultViewModel.swift */,
			);
			path = ViewModel;
			sourceTree = "<group>";
		};
		FE311F782511E19900EE8400 /* View */ = {
			isa = PBXGroup;
			children = (
				FE311F712511E18F00EE8400 /* ResultViewController.swift */,
				FE311F732511E18F00EE8400 /* ResultViewController.storyboard */,
			);
			path = View;
			sourceTree = "<group>";
		};
		FE311F792511E1E200EE8400 /* Domain */ = {
			isa = PBXGroup;
			children = (
				FE86BD7E25120D3600234949 /* Entities */,
				FE86BD7D25120D2700234949 /* Repository */,
				FE86BD7C25120D2000234949 /* UseCases */,
			);
			path = Domain;
			sourceTree = "<group>";
		};
		FE311F7A2511E1F600EE8400 /* Network */ = {
			isa = PBXGroup;
			children = (
				FE7CE0B125184C6E005D3338 /* EncodableExtension.swift */,
				FE7CE0B3251850C4005D3338 /* Services */,
				FE03AD0F25145FDA001FF520 /* APIs */,
			);
			path = Network;
			sourceTree = "<group>";
		};
		FE4D251B252D5ED7007E4265 /* SearchUseCase */ = {
			isa = PBXGroup;
			children = (
				FE897F59251356E0008DC307 /* SearchRemoteUseCase.swift */,
				FE4D251C252D5F02007E4265 /* SearchLocalUseCase.swift */,
			);
			path = SearchUseCase;
			sourceTree = "<group>";
		};
		FE7CE0AE251840EF005D3338 /* Protocol */ = {
			isa = PBXGroup;
			children = (
				FE7CE0AF25184113005D3338 /* BaseService.swift */,
			);
			path = Protocol;
			sourceTree = "<group>";
		};
		FE7CE0B3251850C4005D3338 /* Services */ = {
			isa = PBXGroup;
			children = (
				FE7CE0AE251840EF005D3338 /* Protocol */,
				FE4038A525183E850008B297 /* DefaultService.swift */,
				FE7D58D42514541600B09B58 /* SearchService.swift */,
			);
			path = Services;
			sourceTree = "<group>";
		};
		FE7D58D32514538200B09B58 /* Infrastructure */ = {
			isa = PBXGroup;
			children = (
				FEAB26422537F10000779B59 /* AnyCache */,
				FE311F7A2511E1F600EE8400 /* Network */,
			);
			path = Infrastructure;
			sourceTree = "<group>";
		};
		FE7E827B2511F3E400983B54 /* DIContainer */ = {
			isa = PBXGroup;
			children = (
				FE7E827C2511F3FB00983B54 /* SearchDIContainer.swift */,
			);
			path = DIContainer;
			sourceTree = "<group>";
		};
		FE7E827E2511F42500983B54 /* Coordinator */ = {
			isa = PBXGroup;
			children = (
				FE7E827F2511F43200983B54 /* SearchCoordinator.swift */,
			);
			path = Coordinator;
			sourceTree = "<group>";
		};
		FE86BD7C25120D2000234949 /* UseCases */ = {
			isa = PBXGroup;
			children = (
				FE897F6025144639008DC307 /* UseCases.swift */,
				FEDDF6D425396C6C00AC2294 /* ResultUseCase */,
				FEDDF6C725384D0000AC2294 /* FavoriteUseCase */,
				FE4D251B252D5ED7007E4265 /* SearchUseCase */,
			);
			path = UseCases;
			sourceTree = "<group>";
		};
		FE86BD7D25120D2700234949 /* Repository */ = {
			isa = PBXGroup;
			children = (
				FE897F5D251441B2008DC307 /* Repository.swift */,
			);
			path = Repository;
			sourceTree = "<group>";
		};
		FE86BD7E25120D3600234949 /* Entities */ = {
			isa = PBXGroup;
			children = (
				FE897F5325134E32008DC307 /* Protocol */,
				FE897F4D251349F2008DC307 /* Photos.swift */,
				FE897F5125134CD9008DC307 /* PhotosQuery.swift */,
			);
			path = Entities;
			sourceTree = "<group>";
		};
		FE86BD7F2512F26700234949 /* Coordinator */ = {
			isa = PBXGroup;
			children = (
				FE86BD832512F2A100234949 /* FavoriteCoordinator.swift */,
			);
			path = Coordinator;
			sourceTree = "<group>";
		};
		FE86BD802512F26E00234949 /* DIContainer */ = {
			isa = PBXGroup;
			children = (
				FE86BD812512F28A00234949 /* FavoriteDIContainer.swift */,
			);
			path = DIContainer;
			sourceTree = "<group>";
		};
		FE86BD852512F82900234949 /* TabBar */ = {
			isa = PBXGroup;
			children = (
				FE86BD892512F8AE00234949 /* DIContainer */,
				FE86BD882512F8A800234949 /* Coordinator */,
			);
			path = TabBar;
			sourceTree = "<group>";
		};
		FE86BD882512F8A800234949 /* Coordinator */ = {
			isa = PBXGroup;
			children = (
				FE86BD862512F84200234949 /* TabBarCoordinator.swift */,
			);
			path = Coordinator;
			sourceTree = "<group>";
		};
		FE86BD892512F8AE00234949 /* DIContainer */ = {
			isa = PBXGroup;
			children = (
				FE86BD8A2512F8C100234949 /* TabBarDIContainer.swift */,
			);
			path = DIContainer;
			sourceTree = "<group>";
		};
		FE897F462512FB0F008DC307 /* Resource */ = {
			isa = PBXGroup;
			children = (
				FE311F4A2511BE4B00EE8400 /* Info.plist */,
				FE311F452511BE4B00EE8400 /* Assets.xcassets */,
				FE311F472511BE4B00EE8400 /* LaunchScreen.storyboard */,
			);
			path = Resource;
			sourceTree = "<group>";
		};
		FE897F4725133EFC008DC307 /* Data */ = {
			isa = PBXGroup;
			children = (
				FE193719252C1594003A6B04 /* PersistentStorages */,
				FE897F6225144797008DC307 /* Repositories */,
				FE897F4A2513477A008DC307 /* Network */,
			);
			path = Data;
			sourceTree = "<group>";
		};
		FE897F4825134720008DC307 /* DataMapping */ = {
			isa = PBXGroup;
			children = (
				FE897F5625134E67008DC307 /* Protocol */,
				FE897F4B251347B2008DC307 /* SearchResponseDTO+Mapping.swift */,
				FE897F4F25134B6F008DC307 /* SearchRequestDTO+Mapping.swift */,
			);
			path = DataMapping;
			sourceTree = "<group>";
		};
		FE897F4A2513477A008DC307 /* Network */ = {
			isa = PBXGroup;
			children = (
				FE897F4825134720008DC307 /* DataMapping */,
			);
			path = Network;
			sourceTree = "<group>";
		};
		FE897F5325134E32008DC307 /* Protocol */ = {
			isa = PBXGroup;
			children = (
				FE897F5425134E43008DC307 /* BaseEntities.swift */,
			);
			path = Protocol;
			sourceTree = "<group>";
		};
		FE897F5625134E67008DC307 /* Protocol */ = {
			isa = PBXGroup;
			children = (
				FE897F5725134E7B008DC307 /* BaseDataTransferObject.swift */,
			);
			path = Protocol;
			sourceTree = "<group>";
		};
		FE897F6225144797008DC307 /* Repositories */ = {
			isa = PBXGroup;
			children = (
				FE897F63251447A9008DC307 /* SearchRepository.swift */,
				FEDDF6C52538480300AC2294 /* FavoriteRepository.swift */,
			);
			path = Repositories;
			sourceTree = "<group>";
		};
		FE9D3669252C512D00059495 /* PhotosStorage */ = {
			isa = PBXGroup;
			children = (
				FE0E24A3252C5D4C00064230 /* EntityMapping */,
				FE0E249F252C5C8D00064230 /* PhotosStorage.swift */,
				FE0E24A1252C5CB600064230 /* CoreDataPhotosStorage.swift */,
			);
			path = PhotosStorage;
			sourceTree = "<group>";
		};
		FEAB26422537F10000779B59 /* AnyCache */ = {
			isa = PBXGroup;
			children = (
				FEAB26432537F10000779B59 /* CacheManager.swift */,
				FEAB26442537F10000779B59 /* AnyCache.swift */,
			);
			path = AnyCache;
			sourceTree = "<group>";
		};
		FEAB26472537FBC600779B59 /* UIKitExtension */ = {
			isa = PBXGroup;
			children = (
				FEAB26482537FBC600779B59 /* UIImageView+Download.swift */,
			);
			path = UIKitExtension;
			sourceTree = "<group>";
		};
		FEAB264B25381DAB00779B59 /* FavoriteStorage */ = {
			isa = PBXGroup;
			children = (
				FEDDF6C22538466600AC2294 /* EntityMapping */,
				FEAB264C25381DCA00779B59 /* FavoritesPhotosStorage.swift */,
				FEAB264E25381E6A00779B59 /* CoreDataFavoritesPhotosStorage.swift */,
			);
			path = FavoriteStorage;
			sourceTree = "<group>";
		};
		FEDDF6C22538466600AC2294 /* EntityMapping */ = {
			isa = PBXGroup;
			children = (
				FEDDF6C32538469300AC2294 /* PhotoResponseEntity+Mapping.swift */,
			);
			path = EntityMapping;
			sourceTree = "<group>";
		};
		FEDDF6C725384D0000AC2294 /* FavoriteUseCase */ = {
			isa = PBXGroup;
			children = (
				FEDDF6C825384D2300AC2294 /* SaveFavoriteUseCase.swift */,
				FEDDF6CA25384D3200AC2294 /* FetchFavoriteUseCase.swift */,
			);
			path = FavoriteUseCase;
			sourceTree = "<group>";
		};
		FEDDF6CC25384FD700AC2294 /* Coordinator */ = {
			isa = PBXGroup;
			children = (
				FEDDF6CE25384FF300AC2294 /* ResultCoordinator.swift */,
			);
			path = Coordinator;
			sourceTree = "<group>";
		};
		FEDDF6CD25384FE100AC2294 /* DIContainer */ = {
			isa = PBXGroup;
			children = (
				FEDDF6D02538500000AC2294 /* ResultDIContainer.swift */,
			);
			path = DIContainer;
			sourceTree = "<group>";
		};
		FEDDF6D425396C6C00AC2294 /* ResultUseCase */ = {
			isa = PBXGroup;
			children = (
				FEDDF6D525396C8000AC2294 /* ShowResultUseCase.swift */,
			);
			path = ResultUseCase;
			sourceTree = "<group>";
		};
		FEDDF6D725398C3600AC2294 /* NSConstraintLayoutSet */ = {
			isa = PBXGroup;
			children = (
				FEDDF6D825398C3600AC2294 /* NSConstraintLayoutSet.swift */,
			);
			path = NSConstraintLayoutSet;
			sourceTree = "<group>";
		};
		FEDDF6DA25399D6D00AC2294 /* InputAccessoryView */ = {
			isa = PBXGroup;
			children = (
				FEDDF6DF25399D6D00AC2294 /* BaseAccessoryView.swift */,
			);
			path = InputAccessoryView;
			sourceTree = "<group>";
		};
/* End PBXGroup section */

/* Begin PBXNativeTarget section */
		FE311F382511BE4200EE8400 /* DemoCleanArchitecture */ = {
			isa = PBXNativeTarget;
			buildConfigurationList = FE311F4D2511BE4B00EE8400 /* Build configuration list for PBXNativeTarget "DemoCleanArchitecture" */;
			buildPhases = (
				6202EF2E932DD3349C2E4F60 /* [CP] Check Pods Manifest.lock */,
				FE311F352511BE4200EE8400 /* Sources */,
				FE311F362511BE4200EE8400 /* Frameworks */,
				FE311F372511BE4200EE8400 /* Resources */,
				A1EC27C377C3A743C00EFB44 /* [CP] Embed Pods Frameworks */,
			);
			buildRules = (
			);
			dependencies = (
			);
			name = DemoCleanArchitecture;
			productName = DemoCleanArchitecture;
			productReference = FE311F392511BE4200EE8400 /* DemoCleanArchitecture.app */;
			productType = "com.apple.product-type.application";
		};
/* End PBXNativeTarget section */

/* Begin PBXProject section */
		FE311F312511BE4200EE8400 /* Project object */ = {
			isa = PBXProject;
			attributes = {
				LastSwiftUpdateCheck = 1140;
				LastUpgradeCheck = 1140;
				ORGANIZATIONNAME = KinWei;
				TargetAttributes = {
					FE311F382511BE4200EE8400 = {
						CreatedOnToolsVersion = 11.4.1;
					};
				};
			};
			buildConfigurationList = FE311F342511BE4200EE8400 /* Build configuration list for PBXProject "DemoCleanArchitecture" */;
			compatibilityVersion = "Xcode 9.3";
			developmentRegion = en;
			hasScannedForEncodings = 0;
			knownRegions = (
				en,
				Base,
			);
			mainGroup = FE311F302511BE4200EE8400;
			productRefGroup = FE311F3A2511BE4200EE8400 /* Products */;
			projectDirPath = "";
			projectRoot = "";
			targets = (
				FE311F382511BE4200EE8400 /* DemoCleanArchitecture */,
			);
		};
/* End PBXProject section */

/* Begin PBXResourcesBuildPhase section */
		FE311F372511BE4200EE8400 /* Resources */ = {
			isa = PBXResourcesBuildPhase;
			buildActionMask = 2147483647;
			files = (
				FE311F762511E18F00EE8400 /* ResultViewController.storyboard in Resources */,
				FE311F492511BE4B00EE8400 /* LaunchScreen.storyboard in Resources */,
				FE311F6C2511E11300EE8400 /* FavoriteViewController.storyboard in Resources */,
				FE311F462511BE4B00EE8400 /* Assets.xcassets in Resources */,
				FE311F5E2511DF9700EE8400 /* SearchViewController.storyboard in Resources */,
			);
			runOnlyForDeploymentPostprocessing = 0;
		};
/* End PBXResourcesBuildPhase section */

/* Begin PBXShellScriptBuildPhase section */
		6202EF2E932DD3349C2E4F60 /* [CP] Check Pods Manifest.lock */ = {
			isa = PBXShellScriptBuildPhase;
			buildActionMask = 2147483647;
			files = (
			);
			inputFileListPaths = (
			);
			inputPaths = (
				"${PODS_PODFILE_DIR_PATH}/Podfile.lock",
				"${PODS_ROOT}/Manifest.lock",
			);
			name = "[CP] Check Pods Manifest.lock";
			outputFileListPaths = (
			);
			outputPaths = (
				"$(DERIVED_FILE_DIR)/Pods-DemoCleanArchitecture-checkManifestLockResult.txt",
			);
			runOnlyForDeploymentPostprocessing = 0;
			shellPath = /bin/sh;
			shellScript = "diff \"${PODS_PODFILE_DIR_PATH}/Podfile.lock\" \"${PODS_ROOT}/Manifest.lock\" > /dev/null\nif [ $? != 0 ] ; then\n    # print error to STDERR\n    echo \"error: The sandbox is not in sync with the Podfile.lock. Run 'pod install' or update your CocoaPods installation.\" >&2\n    exit 1\nfi\n# This output is used by Xcode 'outputs' to avoid re-running this script phase.\necho \"SUCCESS\" > \"${SCRIPT_OUTPUT_FILE_0}\"\n";
			showEnvVarsInLog = 0;
		};
		A1EC27C377C3A743C00EFB44 /* [CP] Embed Pods Frameworks */ = {
			isa = PBXShellScriptBuildPhase;
			buildActionMask = 2147483647;
			files = (
			);
			inputFileListPaths = (
				"${PODS_ROOT}/Target Support Files/Pods-DemoCleanArchitecture/Pods-DemoCleanArchitecture-frameworks-${CONFIGURATION}-input-files.xcfilelist",
			);
			name = "[CP] Embed Pods Frameworks";
			outputFileListPaths = (
				"${PODS_ROOT}/Target Support Files/Pods-DemoCleanArchitecture/Pods-DemoCleanArchitecture-frameworks-${CONFIGURATION}-output-files.xcfilelist",
			);
			runOnlyForDeploymentPostprocessing = 0;
			shellPath = /bin/sh;
			shellScript = "\"${PODS_ROOT}/Target Support Files/Pods-DemoCleanArchitecture/Pods-DemoCleanArchitecture-frameworks.sh\"\n";
			showEnvVarsInLog = 0;
		};
/* End PBXShellScriptBuildPhase section */

/* Begin PBXSourcesBuildPhase section */
		FE311F352511BE4200EE8400 /* Sources */ = {
			isa = PBXSourcesBuildPhase;
			buildActionMask = 2147483647;
			files = (
				FEAB264D25381DCA00779B59 /* FavoritesPhotosStorage.swift in Sources */,
				FEDDF6CB25384D3200AC2294 /* FetchFavoriteUseCase.swift in Sources */,
				FE311F6B2511E11300EE8400 /* FavoriteViewModel.swift in Sources */,
				FE897F5A251356E0008DC307 /* SearchRemoteUseCase.swift in Sources */,
				FEAB26462537F10100779B59 /* AnyCache.swift in Sources */,
				FE0E24A0252C5C8D00064230 /* PhotosStorage.swift in Sources */,
				FE897F5E251441B2008DC307 /* Repository.swift in Sources */,
				FE897F5225134CD9008DC307 /* PhotosQuery.swift in Sources */,
				FE311F5D2511DF9700EE8400 /* SearchViewModel.swift in Sources */,
				FE0E24A5252C5D6700064230 /* PhotosResponseEntity+Mapping.swift in Sources */,
				FE897F5525134E43008DC307 /* BaseEntities.swift in Sources */,
				FE311F5C2511DF9700EE8400 /* SearchViewController.swift in Sources */,
				FEDDF6C62538480300AC2294 /* FavoriteRepository.swift in Sources */,
				FE311F752511E18F00EE8400 /* ResultViewModel.swift in Sources */,
				FEDDF6C42538469300AC2294 /* PhotoResponseEntity+Mapping.swift in Sources */,
				FE7E827D2511F3FB00983B54 /* SearchDIContainer.swift in Sources */,
				FE897F4E251349F2008DC307 /* Photos.swift in Sources */,
				FE897F64251447A9008DC307 /* SearchRepository.swift in Sources */,
				FEDDF6D625396C8000AC2294 /* ShowResultUseCase.swift in Sources */,
				FE19371E252C452F003A6B04 /* CoreDataStorage.swift in Sources */,
				FE86BD872512F84200234949 /* TabBarCoordinator.swift in Sources */,
				FE311F542511C01A00EE8400 /* AppDIContainer.swift in Sources */,
				FE4038A625183E850008B297 /* DefaultService.swift in Sources */,
				FE7CE0B225184C6E005D3338 /* EncodableExtension.swift in Sources */,
				FE7E82802511F43200983B54 /* SearchCoordinator.swift in Sources */,
				FE7D58D52514541600B09B58 /* SearchService.swift in Sources */,
				FEDDF6D3253947E000AC2294 /* AppPassValues.swift in Sources */,
				FE86BD842512F2A100234949 /* FavoriteCoordinator.swift in Sources */,
				FE897F5025134B6F008DC307 /* SearchRequestDTO+Mapping.swift in Sources */,
				FE311F742511E18F00EE8400 /* ResultViewController.swift in Sources */,
				FEDDF6C925384D2300AC2294 /* SaveFavoriteUseCase.swift in Sources */,
				FE03AD0E25145F42001FF520 /* FlickrAPIType.swift in Sources */,
				FEDDF6CF25384FF300AC2294 /* ResultCoordinator.swift in Sources */,
				FEAB26492537FBC600779B59 /* UIImageView+Download.swift in Sources */,
				FE4D251A252D5353007E4265 /* CoreDataStorage.xcdatamodeld in Sources */,
				FEAB26452537F10000779B59 /* CacheManager.swift in Sources */,
				FE311F622511E02E00EE8400 /* StoryboardInstantiable.swift in Sources */,
				FE86BD8B2512F8C100234949 /* TabBarDIContainer.swift in Sources */,
				FE311F7C2511E62700EE8400 /* BaseCoordinator.swift in Sources */,
				FE4D251D252D5F02007E4265 /* SearchLocalUseCase.swift in Sources */,
				FE7CE0B025184113005D3338 /* BaseService.swift in Sources */,
				FEAB264F25381E6A00779B59 /* CoreDataFavoritesPhotosStorage.swift in Sources */,
				FE897F4C251347B2008DC307 /* SearchResponseDTO+Mapping.swift in Sources */,
				FE0E24A2252C5CB600064230 /* CoreDataPhotosStorage.swift in Sources */,
				FE86BD822512F28A00234949 /* FavoriteDIContainer.swift in Sources */,
				FE897F5825134E7B008DC307 /* BaseDataTransferObject.swift in Sources */,
				FE311F522511BFE600EE8400 /* AppFlowCoordinator.swift in Sources */,
				FE9BCB432519CAA500754DF6 /* AppDependency.swift in Sources */,
				FEDDF6D925398C3600AC2294 /* NSConstraintLayoutSet.swift in Sources */,
				FE897F6125144639008DC307 /* UseCases.swift in Sources */,
				FEDDF6E725399D6D00AC2294 /* BaseAccessoryView.swift in Sources */,
				FE311F6A2511E11300EE8400 /* FavoriteViewController.swift in Sources */,
				FEDDF6D12538500000AC2294 /* ResultDIContainer.swift in Sources */,
				FE311F3D2511BE4200EE8400 /* AppDelegate.swift in Sources */,
			);
			runOnlyForDeploymentPostprocessing = 0;
		};
/* End PBXSourcesBuildPhase section */

/* Begin PBXVariantGroup section */
		FE311F472511BE4B00EE8400 /* LaunchScreen.storyboard */ = {
			isa = PBXVariantGroup;
			children = (
				FE311F482511BE4B00EE8400 /* Base */,
			);
			name = LaunchScreen.storyboard;
			sourceTree = "<group>";
		};
/* End PBXVariantGroup section */

/* Begin XCBuildConfiguration section */
		FE311F4B2511BE4B00EE8400 /* Debug */ = {
			isa = XCBuildConfiguration;
			buildSettings = {
				ALWAYS_SEARCH_USER_PATHS = NO;
				CLANG_ANALYZER_NONNULL = YES;
				CLANG_ANALYZER_NUMBER_OBJECT_CONVERSION = YES_AGGRESSIVE;
				CLANG_CXX_LANGUAGE_STANDARD = "gnu++14";
				CLANG_CXX_LIBRARY = "libc++";
				CLANG_ENABLE_MODULES = YES;
				CLANG_ENABLE_OBJC_ARC = YES;
				CLANG_ENABLE_OBJC_WEAK = YES;
				CLANG_WARN_BLOCK_CAPTURE_AUTORELEASING = YES;
				CLANG_WARN_BOOL_CONVERSION = YES;
				CLANG_WARN_COMMA = YES;
				CLANG_WARN_CONSTANT_CONVERSION = YES;
				CLANG_WARN_DEPRECATED_OBJC_IMPLEMENTATIONS = YES;
				CLANG_WARN_DIRECT_OBJC_ISA_USAGE = YES_ERROR;
				CLANG_WARN_DOCUMENTATION_COMMENTS = YES;
				CLANG_WARN_EMPTY_BODY = YES;
				CLANG_WARN_ENUM_CONVERSION = YES;
				CLANG_WARN_INFINITE_RECURSION = YES;
				CLANG_WARN_INT_CONVERSION = YES;
				CLANG_WARN_NON_LITERAL_NULL_CONVERSION = YES;
				CLANG_WARN_OBJC_IMPLICIT_RETAIN_SELF = YES;
				CLANG_WARN_OBJC_LITERAL_CONVERSION = YES;
				CLANG_WARN_OBJC_ROOT_CLASS = YES_ERROR;
				CLANG_WARN_RANGE_LOOP_ANALYSIS = YES;
				CLANG_WARN_STRICT_PROTOTYPES = YES;
				CLANG_WARN_SUSPICIOUS_MOVE = YES;
				CLANG_WARN_UNGUARDED_AVAILABILITY = YES_AGGRESSIVE;
				CLANG_WARN_UNREACHABLE_CODE = YES;
				CLANG_WARN__DUPLICATE_METHOD_MATCH = YES;
				COPY_PHASE_STRIP = NO;
				DEBUG_INFORMATION_FORMAT = dwarf;
				ENABLE_STRICT_OBJC_MSGSEND = YES;
				ENABLE_TESTABILITY = YES;
				GCC_C_LANGUAGE_STANDARD = gnu11;
				GCC_DYNAMIC_NO_PIC = NO;
				GCC_NO_COMMON_BLOCKS = YES;
				GCC_OPTIMIZATION_LEVEL = 0;
				GCC_PREPROCESSOR_DEFINITIONS = (
					"DEBUG=1",
					"$(inherited)",
				);
				GCC_WARN_64_TO_32_BIT_CONVERSION = YES;
				GCC_WARN_ABOUT_RETURN_TYPE = YES_ERROR;
				GCC_WARN_UNDECLARED_SELECTOR = YES;
				GCC_WARN_UNINITIALIZED_AUTOS = YES_AGGRESSIVE;
				GCC_WARN_UNUSED_FUNCTION = YES;
				GCC_WARN_UNUSED_VARIABLE = YES;
				IPHONEOS_DEPLOYMENT_TARGET = 13.4;
				MTL_ENABLE_DEBUG_INFO = INCLUDE_SOURCE;
				MTL_FAST_MATH = YES;
				ONLY_ACTIVE_ARCH = YES;
				SDKROOT = iphoneos;
				SWIFT_ACTIVE_COMPILATION_CONDITIONS = DEBUG;
				SWIFT_OPTIMIZATION_LEVEL = "-Onone";
			};
			name = Debug;
		};
		FE311F4C2511BE4B00EE8400 /* Release */ = {
			isa = XCBuildConfiguration;
			buildSettings = {
				ALWAYS_SEARCH_USER_PATHS = NO;
				CLANG_ANALYZER_NONNULL = YES;
				CLANG_ANALYZER_NUMBER_OBJECT_CONVERSION = YES_AGGRESSIVE;
				CLANG_CXX_LANGUAGE_STANDARD = "gnu++14";
				CLANG_CXX_LIBRARY = "libc++";
				CLANG_ENABLE_MODULES = YES;
				CLANG_ENABLE_OBJC_ARC = YES;
				CLANG_ENABLE_OBJC_WEAK = YES;
				CLANG_WARN_BLOCK_CAPTURE_AUTORELEASING = YES;
				CLANG_WARN_BOOL_CONVERSION = YES;
				CLANG_WARN_COMMA = YES;
				CLANG_WARN_CONSTANT_CONVERSION = YES;
				CLANG_WARN_DEPRECATED_OBJC_IMPLEMENTATIONS = YES;
				CLANG_WARN_DIRECT_OBJC_ISA_USAGE = YES_ERROR;
				CLANG_WARN_DOCUMENTATION_COMMENTS = YES;
				CLANG_WARN_EMPTY_BODY = YES;
				CLANG_WARN_ENUM_CONVERSION = YES;
				CLANG_WARN_INFINITE_RECURSION = YES;
				CLANG_WARN_INT_CONVERSION = YES;
				CLANG_WARN_NON_LITERAL_NULL_CONVERSION = YES;
				CLANG_WARN_OBJC_IMPLICIT_RETAIN_SELF = YES;
				CLANG_WARN_OBJC_LITERAL_CONVERSION = YES;
				CLANG_WARN_OBJC_ROOT_CLASS = YES_ERROR;
				CLANG_WARN_RANGE_LOOP_ANALYSIS = YES;
				CLANG_WARN_STRICT_PROTOTYPES = YES;
				CLANG_WARN_SUSPICIOUS_MOVE = YES;
				CLANG_WARN_UNGUARDED_AVAILABILITY = YES_AGGRESSIVE;
				CLANG_WARN_UNREACHABLE_CODE = YES;
				CLANG_WARN__DUPLICATE_METHOD_MATCH = YES;
				COPY_PHASE_STRIP = NO;
				DEBUG_INFORMATION_FORMAT = "dwarf-with-dsym";
				ENABLE_NS_ASSERTIONS = NO;
				ENABLE_STRICT_OBJC_MSGSEND = YES;
				GCC_C_LANGUAGE_STANDARD = gnu11;
				GCC_NO_COMMON_BLOCKS = YES;
				GCC_WARN_64_TO_32_BIT_CONVERSION = YES;
				GCC_WARN_ABOUT_RETURN_TYPE = YES_ERROR;
				GCC_WARN_UNDECLARED_SELECTOR = YES;
				GCC_WARN_UNINITIALIZED_AUTOS = YES_AGGRESSIVE;
				GCC_WARN_UNUSED_FUNCTION = YES;
				GCC_WARN_UNUSED_VARIABLE = YES;
				IPHONEOS_DEPLOYMENT_TARGET = 13.4;
				MTL_ENABLE_DEBUG_INFO = NO;
				MTL_FAST_MATH = YES;
				SDKROOT = iphoneos;
				SWIFT_COMPILATION_MODE = wholemodule;
				SWIFT_OPTIMIZATION_LEVEL = "-O";
				VALIDATE_PRODUCT = YES;
			};
			name = Release;
		};
		FE311F4E2511BE4B00EE8400 /* Debug */ = {
			isa = XCBuildConfiguration;
			baseConfigurationReference = C69D1DD54B136976DE37BD79 /* Pods-DemoCleanArchitecture.debug.xcconfig */;
			buildSettings = {
				ASSETCATALOG_COMPILER_APPICON_NAME = AppIcon;
				CODE_SIGN_STYLE = Automatic;
				DEVELOPMENT_TEAM = PVK56R4YSC;
				INFOPLIST_FILE = DemoCleanArchitecture/Resource/Info.plist;
				LD_RUNPATH_SEARCH_PATHS = (
					"$(inherited)",
					"@executable_path/Frameworks",
				);
				PRODUCT_BUNDLE_IDENTIFIER = com.kin.DemoCleanArchitecture;
				PRODUCT_NAME = "$(TARGET_NAME)";
				SWIFT_VERSION = 5.0;
				TARGETED_DEVICE_FAMILY = "1,2";
			};
			name = Debug;
		};
		FE311F4F2511BE4B00EE8400 /* Release */ = {
			isa = XCBuildConfiguration;
			baseConfigurationReference = 6B7342391DDC2480607DBEAC /* Pods-DemoCleanArchitecture.release.xcconfig */;
			buildSettings = {
				ASSETCATALOG_COMPILER_APPICON_NAME = AppIcon;
				CODE_SIGN_STYLE = Automatic;
				DEVELOPMENT_TEAM = PVK56R4YSC;
				INFOPLIST_FILE = DemoCleanArchitecture/Resource/Info.plist;
				LD_RUNPATH_SEARCH_PATHS = (
					"$(inherited)",
					"@executable_path/Frameworks",
				);
				PRODUCT_BUNDLE_IDENTIFIER = com.kin.DemoCleanArchitecture;
				PRODUCT_NAME = "$(TARGET_NAME)";
				SWIFT_VERSION = 5.0;
				TARGETED_DEVICE_FAMILY = "1,2";
			};
			name = Release;
		};
/* End XCBuildConfiguration section */

/* Begin XCConfigurationList section */
		FE311F342511BE4200EE8400 /* Build configuration list for PBXProject "DemoCleanArchitecture" */ = {
			isa = XCConfigurationList;
			buildConfigurations = (
				FE311F4B2511BE4B00EE8400 /* Debug */,
				FE311F4C2511BE4B00EE8400 /* Release */,
			);
			defaultConfigurationIsVisible = 0;
			defaultConfigurationName = Release;
		};
		FE311F4D2511BE4B00EE8400 /* Build configuration list for PBXNativeTarget "DemoCleanArchitecture" */ = {
			isa = XCConfigurationList;
			buildConfigurations = (
				FE311F4E2511BE4B00EE8400 /* Debug */,
				FE311F4F2511BE4B00EE8400 /* Release */,
			);
			defaultConfigurationIsVisible = 0;
			defaultConfigurationName = Release;
		};
/* End XCConfigurationList section */

/* Begin XCVersionGroup section */
		FE4D2518252D5353007E4265 /* CoreDataStorage.xcdatamodeld */ = {
			isa = XCVersionGroup;
			children = (
				FE4D2519252D5353007E4265 /* CoreDataStorage.xcdatamodel */,
			);
			currentVersion = FE4D2519252D5353007E4265 /* CoreDataStorage.xcdatamodel */;
			path = CoreDataStorage.xcdatamodeld;
			sourceTree = "<group>";
			versionGroupType = wrapper.xcdatamodel;
		};
/* End XCVersionGroup section */
	};
	rootObject = FE311F312511BE4200EE8400 /* Project object */;
}
